<?xml version="1.0" encoding="utf-8"?>
<Project ToolsVersion="4.0" xmlns="http://schemas.microsoft.com/developer/msbuild/2003">
  <ItemGroup>
    <ClCompile Include="..\Math\Math.cpp">
      <Filter>Math</Filter>
    </ClCompile>
    <ClCompile Include="..\Math\Matrix.cpp">
      <Filter>Math</Filter>
    </ClCompile>
    <ClCompile Include="..\Math\Quaternion.cpp">
      <Filter>Math</Filter>
    </ClCompile>
    <ClCompile Include="..\Math\Rectangle.cpp">
      <Filter>Math</Filter>
    </ClCompile>
    <ClCompile Include="..\Math\BoundBox.cpp">
      <Filter>Math</Filter>
    </ClCompile>
    <ClCompile Include="..\Math\Line.cpp">
      <Filter>Math</Filter>
    </ClCompile>
    <ClCompile Include="..\Math\Plane.cpp">
      <Filter>Math</Filter>
    </ClCompile>
    <ClCompile Include="..\Math\Ray.cpp">
      <Filter>Math</Filter>
    </ClCompile>
    <ClCompile Include="..\Math\Sphere.cpp">
      <Filter>Math</Filter>
    </ClCompile>
    <ClCompile Include="..\Math\Triangle.cpp">
      <Filter>Math</Filter>
    </ClCompile>
  </ItemGroup>
  <ItemGroup>
    <ClInclude Include="..\Type.h" />
    <ClInclude Include="..\Math\Vector4.h">
      <Filter>Math</Filter>
    </ClInclude>
    <ClInclude Include="..\Math\Math.h">
      <Filter>Math</Filter>
    </ClInclude>
    <ClInclude Include="..\Math\Matrix.h">
      <Filter>Math</Filter>
    </ClInclude>
    <ClInclude Include="..\Math\Quaternion.h">
      <Filter>Math</Filter>
    </ClInclude>
    <ClInclude Include="..\Math\Rectangle.h">
      <Filter>Math</Filter>
    </ClInclude>
    <ClInclude Include="..\Math\Vector2.h">
      <Filter>Math</Filter>
    </ClInclude>
    <ClInclude Include="..\Math\Vector3.h">
      <Filter>Math</Filter>
    </ClInclude>
    <ClInclude Include="..\Math\BoundBox.h">
      <Filter>Math</Filter>
    </ClInclude>
    <ClInclude Include="..\Math\IBound.h">
      <Filter>Math</Filter>
    </ClInclude>
    <ClInclude Include="..\Math\Line.h">
      <Filter>Math</Filter>
    </ClInclude>
    <ClInclude Include="..\Math\Plane.h">
      <Filter>Math</Filter>
    </ClInclude>
    <ClInclude Include="..\Math\Ray.h">
      <Filter>Math</Filter>
    </ClInclude>
    <ClInclude Include="..\Math\Sphere.h">
      <Filter>Math</Filter>
    </ClInclude>
    <ClInclude Include="..\Math\Triangle.h">
      <Filter>Math</Filter>
    </ClInclude>
  </ItemGroup>
  <ItemGroup>
    <Filter Include="Math">
      <UniqueIdentifier>{02f4268a-0ac9-4e7f-b019-b38cda28cd56}</UniqueIdentifier>
    </Filter>
  </ItemGroup>
</Project>